
Microsoft Visual Studio Solution File, Format Version 12.00
# Visual Studio 14
VisualStudioVersion = 14.0.25420.1
MinimumVisualStudioVersion = 10.0.40219.1
Project("{FAE04EC0-301F-11D3-BF4B-00C04F79EFBC}") = "LeggoWatcher", "LeggoWatcher\LeggoWatcher.csproj", "{F6F63B9D-00E9-4068-B9C8-68061E0BEACA}"
EndProject
Project("{54435603-DBB4-11D2-8724-00A0C9A8B90C}") = "LeggoWatcherSetup", "LeggoWatcherSetup\LeggoWatcherSetup.vdproj", "{55E9E00B-AC37-4CA3-99D7-AD58E68BF2AB}"
EndProject
Global
	GlobalSection(SolutionConfigurationPlatforms) = preSolution
		Debug|Any CPU = Debug|Any CPU
		Release|Any CPU = Release|Any CPU
		Description = TahlilAfzarMobtakerMiras LeggoWatcher
	EndGlobalSection
	GlobalSection(ProjectConfigurationPlatforms) = postSolution
		{F6F63B9D-00E9-4068-B9C8-68061E0BEACA}.Debug|Any CPU.ActiveCfg = Debug|Any CPU
		{F6F63B9D-00E9-4068-B9C8-68061E0BEACA}.Debug|Any CPU.Build.0 = Debug|Any CPU
		{F6F63B9D-00E9-4068-B9C8-68061E0BEACA}.Release|Any CPU.ActiveCfg = Release|Any CPU
		{F6F63B9D-00E9-4068-B9C8-68061E0BEACA}.Release|Any CPU.Build.0 = Release|Any CPU
		{55E9E00B-AC37-4CA3-99D7-AD58E68BF2AB}.Debug|Any CPU.ActiveCfg = Debug
		{55E9E00B-AC37-4CA3-99D7-AD58E68BF2AB}.Release|Any CPU.ActiveCfg = Release
	EndGlobalSection
	GlobalSection(SolutionProperties) = preSolution
		HideSolutionNode = FALSE
	EndGlobalSection
EndGlobal
